// !$*UTF8*$!
{
	archiveVersion = 1;
	classes = {
	};
	objectVersion = 52;
	objects = {

/* Begin PBXBuildFile section */
		B81436D8266BC1F00086C14A /* ArticleSearchPresenterTests.swift in Sources */ = {isa = PBXBuildFile; fileRef = B81436D7266BC1F00086C14A /* ArticleSearchPresenterTests.swift */; };
		B81436DB266BC29E0086C14A /* EntwineTest in Frameworks */ = {isa = PBXBuildFile; productRef = B81436DA266BC29E0086C14A /* EntwineTest */; };
		B81436E1266BC48E0086C14A /* MockArticleSearchInteractor.swift in Sources */ = {isa = PBXBuildFile; fileRef = B81436E0266BC48E0086C14A /* MockArticleSearchInteractor.swift */; };
		B82B82292657E51B000EA62C /* ArticleSearchViewController.swift in Sources */ = {isa = PBXBuildFile; fileRef = B82B82272657E51B000EA62C /* ArticleSearchViewController.swift */; };
		B82B822A2657E51B000EA62C /* ArticleSearchViewController.xib in Resources */ = {isa = PBXBuildFile; fileRef = B82B82282657E51B000EA62C /* ArticleSearchViewController.xib */; };
		B82B822E2657E671000EA62C /* ArticleSearchPresenter.swift in Sources */ = {isa = PBXBuildFile; fileRef = B82B822D2657E671000EA62C /* ArticleSearchPresenter.swift */; };
		B82B82302657E6AE000EA62C /* ArticleSearchRouter.swift in Sources */ = {isa = PBXBuildFile; fileRef = B82B822F2657E6AE000EA62C /* ArticleSearchRouter.swift */; };
		B82B82322657E6F7000EA62C /* Wireframe.swift in Sources */ = {isa = PBXBuildFile; fileRef = B82B82312657E6F7000EA62C /* Wireframe.swift */; };
		B82B82362657EB41000EA62C /* AppPresenter.swift in Sources */ = {isa = PBXBuildFile; fileRef = B82B82352657EB41000EA62C /* AppPresenter.swift */; };
		B82B82392657EB55000EA62C /* AppRouter.swift in Sources */ = {isa = PBXBuildFile; fileRef = B82B82382657EB55000EA62C /* AppRouter.swift */; };
		B82B823E2657EEC6000EA62C /* ArticleModel.swift in Sources */ = {isa = PBXBuildFile; fileRef = B82B823D2657EEC6000EA62C /* ArticleModel.swift */; };
		B82B82422657EFB6000EA62C /* ArticleSearchInteractor.swift in Sources */ = {isa = PBXBuildFile; fileRef = B82B82412657EFB6000EA62C /* ArticleSearchInteractor.swift */; };
		B82B82442657F255000EA62C /* Usecase.swift in Sources */ = {isa = PBXBuildFile; fileRef = B82B82432657F255000EA62C /* Usecase.swift */; };
		B82B82462657F273000EA62C /* UsecaseError.swift in Sources */ = {isa = PBXBuildFile; fileRef = B82B82452657F273000EA62C /* UsecaseError.swift */; };
		B82B824E2661F64A000EA62C /* QiitaRepository.swift in Sources */ = {isa = PBXBuildFile; fileRef = B82B824D2661F64A000EA62C /* QiitaRepository.swift */; };
		B82B82502661F6B3000EA62C /* QiitaDataStore.swift in Sources */ = {isa = PBXBuildFile; fileRef = B82B824F2661F6B3000EA62C /* QiitaDataStore.swift */; };
		B82B82532661F72C000EA62C /* APIKit in Frameworks */ = {isa = PBXBuildFile; productRef = B82B82522661F72C000EA62C /* APIKit */; };
		B82B82562661F803000EA62C /* QiitaRequest.swift in Sources */ = {isa = PBXBuildFile; fileRef = B82B82552661F803000EA62C /* QiitaRequest.swift */; };
		B82B82592661F87D000EA62C /* ArticleSearchRequest.swift in Sources */ = {isa = PBXBuildFile; fileRef = B82B82582661F87D000EA62C /* ArticleSearchRequest.swift */; };
		B82B825D2661F9BB000EA62C /* APIKit+extension.swift in Sources */ = {isa = PBXBuildFile; fileRef = B82B825C2661F9BB000EA62C /* APIKit+extension.swift */; };
		B82B82602661FBD7000EA62C /* ArticleEntity.swift in Sources */ = {isa = PBXBuildFile; fileRef = B82B825F2661FBD7000EA62C /* ArticleEntity.swift */; };
		B82B826326628E58000EA62C /* OHHTTPStubsSwift in Frameworks */ = {isa = PBXBuildFile; productRef = B82B826226628E58000EA62C /* OHHTTPStubsSwift */; };
		B82B826626628FBA000EA62C /* Quick in Frameworks */ = {isa = PBXBuildFile; productRef = B82B826526628FBA000EA62C /* Quick */; };
		B82B826926628FD6000EA62C /* Nimble in Frameworks */ = {isa = PBXBuildFile; productRef = B82B826826628FD6000EA62C /* Nimble */; };
		B87414D02657DFBC0061A031 /* AppDelegate.swift in Sources */ = {isa = PBXBuildFile; fileRef = B87414CF2657DFBC0061A031 /* AppDelegate.swift */; };
		B87414D22657DFBC0061A031 /* SceneDelegate.swift in Sources */ = {isa = PBXBuildFile; fileRef = B87414D12657DFBC0061A031 /* SceneDelegate.swift */; };
		B87414D92657DFBD0061A031 /* Assets.xcassets in Resources */ = {isa = PBXBuildFile; fileRef = B87414D82657DFBD0061A031 /* Assets.xcassets */; };
		B87414DC2657DFBD0061A031 /* LaunchScreen.storyboard in Resources */ = {isa = PBXBuildFile; fileRef = B87414DA2657DFBD0061A031 /* LaunchScreen.storyboard */; };
		B8895DD12685A9570071825A /* ArticleSearchInteractorTests.swift in Sources */ = {isa = PBXBuildFile; fileRef = B8895DD02685A9570071825A /* ArticleSearchInteractorTests.swift */; };
		B8895DD62685ABF90071825A /* MockQiitaDataStore.swift in Sources */ = {isa = PBXBuildFile; fileRef = B8895DD52685ABF90071825A /* MockQiitaDataStore.swift */; };
		B8895DDC2688391F0071825A /* QiitaDataStoreTests.swift in Sources */ = {isa = PBXBuildFile; fileRef = B8895DDB2688391F0071825A /* QiitaDataStoreTests.swift */; };
		B88DB0F92667A32B00864021 /* AppPresenterTests.swift in Sources */ = {isa = PBXBuildFile; fileRef = B88DB0F82667A32B00864021 /* AppPresenterTests.swift */; };
		B88DB0FD2667B93300864021 /* Presentation.swift in Sources */ = {isa = PBXBuildFile; fileRef = B88DB0FC2667B93300864021 /* Presentation.swift */; };
/* End PBXBuildFile section */

/* Begin PBXContainerItemProxy section */
		B87414E32657DFBD0061A031 /* PBXContainerItemProxy */ = {
			isa = PBXContainerItemProxy;
			containerPortal = B87414C42657DFBC0061A031 /* Project object */;
			proxyType = 1;
			remoteGlobalIDString = B87414CB2657DFBC0061A031;
			remoteInfo = ViperCombineSample;
		};
/* End PBXContainerItemProxy section */

/* Begin PBXFileReference section */
		B81436D7266BC1F00086C14A /* ArticleSearchPresenterTests.swift */ = {isa = PBXFileReference; lastKnownFileType = sourcecode.swift; path = ArticleSearchPresenterTests.swift; sourceTree = "<group>"; };
		B81436E0266BC48E0086C14A /* MockArticleSearchInteractor.swift */ = {isa = PBXFileReference; lastKnownFileType = sourcecode.swift; path = MockArticleSearchInteractor.swift; sourceTree = "<group>"; };
		B82B82272657E51B000EA62C /* ArticleSearchViewController.swift */ = {isa = PBXFileReference; lastKnownFileType = sourcecode.swift; path = ArticleSearchViewController.swift; sourceTree = "<group>"; };
		B82B82282657E51B000EA62C /* ArticleSearchViewController.xib */ = {isa = PBXFileReference; lastKnownFileType = file.xib; path = ArticleSearchViewController.xib; sourceTree = "<group>"; };
		B82B822D2657E671000EA62C /* ArticleSearchPresenter.swift */ = {isa = PBXFileReference; lastKnownFileType = sourcecode.swift; path = ArticleSearchPresenter.swift; sourceTree = "<group>"; };
		B82B822F2657E6AE000EA62C /* ArticleSearchRouter.swift */ = {isa = PBXFileReference; lastKnownFileType = sourcecode.swift; path = ArticleSearchRouter.swift; sourceTree = "<group>"; };
		B82B82312657E6F7000EA62C /* Wireframe.swift */ = {isa = PBXFileReference; lastKnownFileType = sourcecode.swift; path = Wireframe.swift; sourceTree = "<group>"; };
		B82B82352657EB41000EA62C /* AppPresenter.swift */ = {isa = PBXFileReference; lastKnownFileType = sourcecode.swift; path = AppPresenter.swift; sourceTree = "<group>"; };
		B82B82382657EB55000EA62C /* AppRouter.swift */ = {isa = PBXFileReference; lastKnownFileType = sourcecode.swift; path = AppRouter.swift; sourceTree = "<group>"; };
		B82B823D2657EEC6000EA62C /* ArticleModel.swift */ = {isa = PBXFileReference; lastKnownFileType = sourcecode.swift; path = ArticleModel.swift; sourceTree = "<group>"; };
		B82B82412657EFB6000EA62C /* ArticleSearchInteractor.swift */ = {isa = PBXFileReference; lastKnownFileType = sourcecode.swift; path = ArticleSearchInteractor.swift; sourceTree = "<group>"; };
		B82B82432657F255000EA62C /* Usecase.swift */ = {isa = PBXFileReference; lastKnownFileType = sourcecode.swift; path = Usecase.swift; sourceTree = "<group>"; };
		B82B82452657F273000EA62C /* UsecaseError.swift */ = {isa = PBXFileReference; lastKnownFileType = sourcecode.swift; path = UsecaseError.swift; sourceTree = "<group>"; };
		B82B824D2661F64A000EA62C /* QiitaRepository.swift */ = {isa = PBXFileReference; lastKnownFileType = sourcecode.swift; path = QiitaRepository.swift; sourceTree = "<group>"; };
		B82B824F2661F6B3000EA62C /* QiitaDataStore.swift */ = {isa = PBXFileReference; lastKnownFileType = sourcecode.swift; path = QiitaDataStore.swift; sourceTree = "<group>"; };
		B82B82552661F803000EA62C /* QiitaRequest.swift */ = {isa = PBXFileReference; lastKnownFileType = sourcecode.swift; path = QiitaRequest.swift; sourceTree = "<group>"; };
		B82B82582661F87D000EA62C /* ArticleSearchRequest.swift */ = {isa = PBXFileReference; lastKnownFileType = sourcecode.swift; path = ArticleSearchRequest.swift; sourceTree = "<group>"; };
		B82B825C2661F9BB000EA62C /* APIKit+extension.swift */ = {isa = PBXFileReference; lastKnownFileType = sourcecode.swift; path = "APIKit+extension.swift"; sourceTree = "<group>"; };
		B82B825F2661FBD7000EA62C /* ArticleEntity.swift */ = {isa = PBXFileReference; lastKnownFileType = sourcecode.swift; path = ArticleEntity.swift; sourceTree = "<group>"; };
		B87414CC2657DFBC0061A031 /* ViperCombineSample.app */ = {isa = PBXFileReference; explicitFileType = wrapper.application; includeInIndex = 0; path = ViperCombineSample.app; sourceTree = BUILT_PRODUCTS_DIR; };
		B87414CF2657DFBC0061A031 /* AppDelegate.swift */ = {isa = PBXFileReference; lastKnownFileType = sourcecode.swift; path = AppDelegate.swift; sourceTree = "<group>"; };
		B87414D12657DFBC0061A031 /* SceneDelegate.swift */ = {isa = PBXFileReference; lastKnownFileType = sourcecode.swift; path = SceneDelegate.swift; sourceTree = "<group>"; };
		B87414D82657DFBD0061A031 /* Assets.xcassets */ = {isa = PBXFileReference; lastKnownFileType = folder.assetcatalog; path = Assets.xcassets; sourceTree = "<group>"; };
		B87414DB2657DFBD0061A031 /* Base */ = {isa = PBXFileReference; lastKnownFileType = file.storyboard; name = Base; path = Base.lproj/LaunchScreen.storyboard; sourceTree = "<group>"; };
		B87414DD2657DFBD0061A031 /* Info.plist */ = {isa = PBXFileReference; lastKnownFileType = text.plist.xml; path = Info.plist; sourceTree = "<group>"; };
		B87414E22657DFBD0061A031 /* ViperCombineSampleTests.xctest */ = {isa = PBXFileReference; explicitFileType = wrapper.cfbundle; includeInIndex = 0; path = ViperCombineSampleTests.xctest; sourceTree = BUILT_PRODUCTS_DIR; };
		B87414E82657DFBD0061A031 /* Info.plist */ = {isa = PBXFileReference; lastKnownFileType = text.plist.xml; path = Info.plist; sourceTree = "<group>"; };
		B8895DD02685A9570071825A /* ArticleSearchInteractorTests.swift */ = {isa = PBXFileReference; lastKnownFileType = sourcecode.swift; path = ArticleSearchInteractorTests.swift; sourceTree = "<group>"; };
		B8895DD52685ABF90071825A /* MockQiitaDataStore.swift */ = {isa = PBXFileReference; lastKnownFileType = sourcecode.swift; path = MockQiitaDataStore.swift; sourceTree = "<group>"; };
		B8895DDB2688391F0071825A /* QiitaDataStoreTests.swift */ = {isa = PBXFileReference; lastKnownFileType = sourcecode.swift; path = QiitaDataStoreTests.swift; sourceTree = "<group>"; };
		B88DB0F82667A32B00864021 /* AppPresenterTests.swift */ = {isa = PBXFileReference; lastKnownFileType = sourcecode.swift; path = AppPresenterTests.swift; sourceTree = "<group>"; };
		B88DB0FC2667B93300864021 /* Presentation.swift */ = {isa = PBXFileReference; lastKnownFileType = sourcecode.swift; path = Presentation.swift; sourceTree = "<group>"; };
/* End PBXFileReference section */

/* Begin PBXFrameworksBuildPhase section */
		B87414C92657DFBC0061A031 /* Frameworks */ = {
			isa = PBXFrameworksBuildPhase;
			buildActionMask = 2147483647;
			files = (
				B82B82532661F72C000EA62C /* APIKit in Frameworks */,
			);
			runOnlyForDeploymentPostprocessing = 0;
		};
		B87414DF2657DFBD0061A031 /* Frameworks */ = {
			isa = PBXFrameworksBuildPhase;
			buildActionMask = 2147483647;
			files = (
				B82B826926628FD6000EA62C /* Nimble in Frameworks */,
				B81436DB266BC29E0086C14A /* EntwineTest in Frameworks */,
				B82B826626628FBA000EA62C /* Quick in Frameworks */,
				B82B826326628E58000EA62C /* OHHTTPStubsSwift in Frameworks */,
			);
			runOnlyForDeploymentPostprocessing = 0;
		};
/* End PBXFrameworksBuildPhase section */

/* Begin PBXGroup section */
		B81436D5266BC1C90086C14A /* Modules */ = {
			isa = PBXGroup;
			children = (
				B81436D6266BC1DB0086C14A /* ArticleSearch */,
			);
			path = Modules;
			sourceTree = "<group>";
		};
		B81436D6266BC1DB0086C14A /* ArticleSearch */ = {
			isa = PBXGroup;
			children = (
				B81436D7266BC1F00086C14A /* ArticleSearchPresenterTests.swift */,
			);
			path = ArticleSearch;
			sourceTree = "<group>";
		};
		B81436DC266BC45A0086C14A /* Mocks */ = {
			isa = PBXGroup;
			children = (
				B81436DD266BC4640086C14A /* Domain */,
				B8895DD22685ABCC0071825A /* Infra */,
			);
			path = Mocks;
			sourceTree = "<group>";
		};
		B81436DD266BC4640086C14A /* Domain */ = {
			isa = PBXGroup;
			children = (
				B81436DE266BC46D0086C14A /* Usecases */,
			);
			path = Domain;
			sourceTree = "<group>";
		};
		B81436DE266BC46D0086C14A /* Usecases */ = {
			isa = PBXGroup;
			children = (
				B81436DF266BC4790086C14A /* ArticleSearch */,
			);
			path = Usecases;
			sourceTree = "<group>";
		};
		B81436DF266BC4790086C14A /* ArticleSearch */ = {
			isa = PBXGroup;
			children = (
				B81436E0266BC48E0086C14A /* MockArticleSearchInteractor.swift */,
			);
			path = ArticleSearch;
			sourceTree = "<group>";
		};
		B82B821E2657E071000EA62C /* Modules */ = {
			isa = PBXGroup;
			children = (
				B82B821F2657E07B000EA62C /* ArticleSearch */,
			);
			path = Modules;
			sourceTree = "<group>";
		};
		B82B821F2657E07B000EA62C /* ArticleSearch */ = {
			isa = PBXGroup;
			children = (
				B82B82202657E08D000EA62C /* View */,
				B82B82212657E092000EA62C /* Presenter */,
				B82B82222657E098000EA62C /* Router */,
			);
			path = ArticleSearch;
			sourceTree = "<group>";
		};
		B82B82202657E08D000EA62C /* View */ = {
			isa = PBXGroup;
			children = (
				B82B82272657E51B000EA62C /* ArticleSearchViewController.swift */,
				B82B82282657E51B000EA62C /* ArticleSearchViewController.xib */,
			);
			path = View;
			sourceTree = "<group>";
		};
		B82B82212657E092000EA62C /* Presenter */ = {
			isa = PBXGroup;
			children = (
				B82B822D2657E671000EA62C /* ArticleSearchPresenter.swift */,
			);
			path = Presenter;
			sourceTree = "<group>";
		};
		B82B82222657E098000EA62C /* Router */ = {
			isa = PBXGroup;
			children = (
				B82B822F2657E6AE000EA62C /* ArticleSearchRouter.swift */,
			);
			path = Router;
			sourceTree = "<group>";
		};
		B82B822B2657E529000EA62C /* Application */ = {
			isa = PBXGroup;
			children = (
				B82B82332657EB16000EA62C /* Delegate */,
				B87414DD2657DFBD0061A031 /* Info.plist */,
				B87414DA2657DFBD0061A031 /* LaunchScreen.storyboard */,
			);
			path = Application;
			sourceTree = "<group>";
		};
		B82B822C2657E53D000EA62C /* Resources */ = {
			isa = PBXGroup;
			children = (
				B87414D82657DFBD0061A031 /* Assets.xcassets */,
			);
			path = Resources;
			sourceTree = "<group>";
		};
		B82B82332657EB16000EA62C /* Delegate */ = {
			isa = PBXGroup;
			children = (
				B87414CF2657DFBC0061A031 /* AppDelegate.swift */,
				B87414D12657DFBC0061A031 /* SceneDelegate.swift */,
				B82B82342657EB25000EA62C /* Presenter */,
				B82B82372657EB47000EA62C /* Router */,
			);
			path = Delegate;
			sourceTree = "<group>";
		};
		B82B82342657EB25000EA62C /* Presenter */ = {
			isa = PBXGroup;
			children = (
				B82B82352657EB41000EA62C /* AppPresenter.swift */,
			);
			path = Presenter;
			sourceTree = "<group>";
		};
		B82B82372657EB47000EA62C /* Router */ = {
			isa = PBXGroup;
			children = (
				B82B82382657EB55000EA62C /* AppRouter.swift */,
			);
			path = Router;
			sourceTree = "<group>";
		};
		B82B823A2657EB97000EA62C /* VIPER */ = {
			isa = PBXGroup;
			children = (
				B88DB0FC2667B93300864021 /* Presentation.swift */,
				B82B82312657E6F7000EA62C /* Wireframe.swift */,
				B82B82432657F255000EA62C /* Usecase.swift */,
				B82B82452657F273000EA62C /* UsecaseError.swift */,
			);
			path = VIPER;
			sourceTree = "<group>";
		};
		B82B823B2657EEA8000EA62C /* Domain */ = {
			isa = PBXGroup;
			children = (
				B82B823C2657EEB6000EA62C /* Models */,
				B82B823F2657EF8A000EA62C /* Usecases */,
				B82B824B2661F623000EA62C /* Interfaces */,
			);
			path = Domain;
			sourceTree = "<group>";
		};
		B82B823C2657EEB6000EA62C /* Models */ = {
			isa = PBXGroup;
			children = (
				B82B823D2657EEC6000EA62C /* ArticleModel.swift */,
			);
			path = Models;
			sourceTree = "<group>";
		};
		B82B823F2657EF8A000EA62C /* Usecases */ = {
			isa = PBXGroup;
			children = (
				B82B82402657EF99000EA62C /* ArticleSearchInteractor */,
			);
			path = Usecases;
			sourceTree = "<group>";
		};
		B82B82402657EF99000EA62C /* ArticleSearchInteractor */ = {
			isa = PBXGroup;
			children = (
				B82B82412657EFB6000EA62C /* ArticleSearchInteractor.swift */,
			);
			path = ArticleSearchInteractor;
			sourceTree = "<group>";
		};
		B82B82492661F5FC000EA62C /* Infra */ = {
			isa = PBXGroup;
			children = (
				B82B824A2661F612000EA62C /* DataStores */,
				B82B825B2661F9A7000EA62C /* Extensions */,
			);
			path = Infra;
			sourceTree = "<group>";
		};
		B82B824A2661F612000EA62C /* DataStores */ = {
			isa = PBXGroup;
			children = (
				B82B825A2661F8CE000EA62C /* Qiita */,
			);
			path = DataStores;
			sourceTree = "<group>";
		};
		B82B824B2661F623000EA62C /* Interfaces */ = {
			isa = PBXGroup;
			children = (
				B82B824C2661F639000EA62C /* Qiita */,
			);
			path = Interfaces;
			sourceTree = "<group>";
		};
		B82B824C2661F639000EA62C /* Qiita */ = {
			isa = PBXGroup;
			children = (
				B82B824D2661F64A000EA62C /* QiitaRepository.swift */,
			);
			path = Qiita;
			sourceTree = "<group>";
		};
		B82B82542661F7F1000EA62C /* Request */ = {
			isa = PBXGroup;
			children = (
				B82B82552661F803000EA62C /* QiitaRequest.swift */,
				B82B82572661F862000EA62C /* Endpoints */,
			);
			path = Request;
			sourceTree = "<group>";
		};
		B82B82572661F862000EA62C /* Endpoints */ = {
			isa = PBXGroup;
			children = (
				B82B82582661F87D000EA62C /* ArticleSearchRequest.swift */,
			);
			path = Endpoints;
			sourceTree = "<group>";
		};
		B82B825A2661F8CE000EA62C /* Qiita */ = {
			isa = PBXGroup;
			children = (
				B82B824F2661F6B3000EA62C /* QiitaDataStore.swift */,
				B82B82542661F7F1000EA62C /* Request */,
				B82B825E2661FBC2000EA62C /* Entities */,
			);
			path = Qiita;
			sourceTree = "<group>";
		};
		B82B825B2661F9A7000EA62C /* Extensions */ = {
			isa = PBXGroup;
			children = (
				B82B825C2661F9BB000EA62C /* APIKit+extension.swift */,
			);
			path = Extensions;
			sourceTree = "<group>";
		};
		B82B825E2661FBC2000EA62C /* Entities */ = {
			isa = PBXGroup;
			children = (
				B82B825F2661FBD7000EA62C /* ArticleEntity.swift */,
			);
			path = Entities;
			sourceTree = "<group>";
		};
		B87414C32657DFBC0061A031 = {
			isa = PBXGroup;
			children = (
				B87414CE2657DFBC0061A031 /* ViperCombineSample */,
				B87414E52657DFBD0061A031 /* ViperCombineSampleTests */,
				B87414CD2657DFBC0061A031 /* Products */,
			);
			sourceTree = "<group>";
		};
		B87414CD2657DFBC0061A031 /* Products */ = {
			isa = PBXGroup;
			children = (
				B87414CC2657DFBC0061A031 /* ViperCombineSample.app */,
				B87414E22657DFBD0061A031 /* ViperCombineSampleTests.xctest */,
			);
			name = Products;
			sourceTree = "<group>";
		};
		B87414CE2657DFBC0061A031 /* ViperCombineSample */ = {
			isa = PBXGroup;
			children = (
				B82B822B2657E529000EA62C /* Application */,
				B82B821E2657E071000EA62C /* Modules */,
				B82B823B2657EEA8000EA62C /* Domain */,
				B82B82492661F5FC000EA62C /* Infra */,
				B82B822C2657E53D000EA62C /* Resources */,
				B82B823A2657EB97000EA62C /* VIPER */,
			);
			path = ViperCombineSample;
			sourceTree = "<group>";
		};
		B87414E52657DFBD0061A031 /* ViperCombineSampleTests */ = {
			isa = PBXGroup;
			children = (
				B87414E82657DFBD0061A031 /* Info.plist */,
				B88DB0F62667A30B00864021 /* Application */,
				B81436D5266BC1C90086C14A /* Modules */,
				B8895DCD2685A92D0071825A /* Domain */,
				B8895DD7268838F60071825A /* Infra */,
				B81436DC266BC45A0086C14A /* Mocks */,
			);
			path = ViperCombineSampleTests;
			sourceTree = "<group>";
		};
		B8895DCD2685A92D0071825A /* Domain */ = {
			isa = PBXGroup;
			children = (
				B8895DCE2685A9370071825A /* Usecases */,
			);
			path = Domain;
			sourceTree = "<group>";
		};
		B8895DCE2685A9370071825A /* Usecases */ = {
			isa = PBXGroup;
			children = (
				B8895DCF2685A93F0071825A /* ArticleSearch */,
			);
			path = Usecases;
			sourceTree = "<group>";
		};
		B8895DCF2685A93F0071825A /* ArticleSearch */ = {
			isa = PBXGroup;
			children = (
				B8895DD02685A9570071825A /* ArticleSearchInteractorTests.swift */,
			);
			path = ArticleSearch;
			sourceTree = "<group>";
		};
		B8895DD22685ABCC0071825A /* Infra */ = {
			isa = PBXGroup;
			children = (
				B8895DD32685ABD50071825A /* Repositories */,
			);
			path = Infra;
			sourceTree = "<group>";
		};
		B8895DD32685ABD50071825A /* Repositories */ = {
			isa = PBXGroup;
			children = (
				B8895DD42685ABEE0071825A /* Qiita */,
			);
			path = Repositories;
			sourceTree = "<group>";
		};
		B8895DD42685ABEE0071825A /* Qiita */ = {
			isa = PBXGroup;
			children = (
				B8895DD52685ABF90071825A /* MockQiitaDataStore.swift */,
			);
			path = Qiita;
			sourceTree = "<group>";
		};
		B8895DD7268838F60071825A /* Infra */ = {
			isa = PBXGroup;
			children = (
				B8895DD8268839010071825A /* Repositories */,
			);
			path = Infra;
			sourceTree = "<group>";
		};
		B8895DD8268839010071825A /* Repositories */ = {
			isa = PBXGroup;
			children = (
				B8895DD92688390A0071825A /* Qiita */,
			);
			path = Repositories;
			sourceTree = "<group>";
		};
		B8895DD92688390A0071825A /* Qiita */ = {
			isa = PBXGroup;
			children = (
				B8895DDB2688391F0071825A /* QiitaDataStoreTests.swift */,
			);
			path = Qiita;
			sourceTree = "<group>";
		};
		B88DB0F62667A30B00864021 /* Application */ = {
			isa = PBXGroup;
			children = (
				B88DB0F72667A31700864021 /* Delegate */,
			);
			path = Application;
			sourceTree = "<group>";
		};
		B88DB0F72667A31700864021 /* Delegate */ = {
			isa = PBXGroup;
			children = (
				B88DB0F82667A32B00864021 /* AppPresenterTests.swift */,
			);
			path = Delegate;
			sourceTree = "<group>";
		};
/* End PBXGroup section */

/* Begin PBXNativeTarget section */
		B87414CB2657DFBC0061A031 /* ViperCombineSample */ = {
			isa = PBXNativeTarget;
			buildConfigurationList = B87414F62657DFBD0061A031 /* Build configuration list for PBXNativeTarget "ViperCombineSample" */;
			buildPhases = (
				B87414C82657DFBC0061A031 /* Sources */,
				B87414C92657DFBC0061A031 /* Frameworks */,
				B87414CA2657DFBC0061A031 /* Resources */,
			);
			buildRules = (
			);
			dependencies = (
			);
			name = ViperCombineSample;
			packageProductDependencies = (
				B82B82522661F72C000EA62C /* APIKit */,
			);
			productName = ViperCombineSample;
			productReference = B87414CC2657DFBC0061A031 /* ViperCombineSample.app */;
			productType = "com.apple.product-type.application";
		};
		B87414E12657DFBD0061A031 /* ViperCombineSampleTests */ = {
			isa = PBXNativeTarget;
			buildConfigurationList = B87414F92657DFBD0061A031 /* Build configuration list for PBXNativeTarget "ViperCombineSampleTests" */;
			buildPhases = (
				B87414DE2657DFBD0061A031 /* Sources */,
				B87414DF2657DFBD0061A031 /* Frameworks */,
				B87414E02657DFBD0061A031 /* Resources */,
			);
			buildRules = (
			);
			dependencies = (
				B87414E42657DFBD0061A031 /* PBXTargetDependency */,
			);
			name = ViperCombineSampleTests;
			packageProductDependencies = (
				B82B826226628E58000EA62C /* OHHTTPStubsSwift */,
				B82B826526628FBA000EA62C /* Quick */,
				B82B826826628FD6000EA62C /* Nimble */,
				B81436DA266BC29E0086C14A /* EntwineTest */,
			);
			productName = ViperCombineSampleTests;
			productReference = B87414E22657DFBD0061A031 /* ViperCombineSampleTests.xctest */;
			productType = "com.apple.product-type.bundle.unit-test";
		};
/* End PBXNativeTarget section */

/* Begin PBXProject section */
		B87414C42657DFBC0061A031 /* Project object */ = {
			isa = PBXProject;
			attributes = {
				LastSwiftUpdateCheck = 1250;
				LastUpgradeCheck = 1250;
				TargetAttributes = {
					B87414CB2657DFBC0061A031 = {
						CreatedOnToolsVersion = 12.5;
					};
					B87414E12657DFBD0061A031 = {
						CreatedOnToolsVersion = 12.5;
						TestTargetID = B87414CB2657DFBC0061A031;
					};
				};
			};
			buildConfigurationList = B87414C72657DFBC0061A031 /* Build configuration list for PBXProject "ViperCombineSample" */;
			compatibilityVersion = "Xcode 9.3";
			developmentRegion = en;
			hasScannedForEncodings = 0;
			knownRegions = (
				en,
				Base,
			);
			mainGroup = B87414C32657DFBC0061A031;
			packageReferences = (
				B82B82512661F72C000EA62C /* XCRemoteSwiftPackageReference "APIKit" */,
				B82B826126628E58000EA62C /* XCRemoteSwiftPackageReference "OHHTTPStubs" */,
				B82B826426628FBA000EA62C /* XCRemoteSwiftPackageReference "Quick" */,
				B82B826726628FD6000EA62C /* XCRemoteSwiftPackageReference "Nimble" */,
				B81436D9266BC29E0086C14A /* XCRemoteSwiftPackageReference "Entwine" */,
			);
			productRefGroup = B87414CD2657DFBC0061A031 /* Products */;
			projectDirPath = "";
			projectRoot = "";
			targets = (
				B87414CB2657DFBC0061A031 /* ViperCombineSample */,
				B87414E12657DFBD0061A031 /* ViperCombineSampleTests */,
			);
		};
/* End PBXProject section */

/* Begin PBXResourcesBuildPhase section */
		B87414CA2657DFBC0061A031 /* Resources */ = {
			isa = PBXResourcesBuildPhase;
			buildActionMask = 2147483647;
			files = (
				B87414DC2657DFBD0061A031 /* LaunchScreen.storyboard in Resources */,
				B82B822A2657E51B000EA62C /* ArticleSearchViewController.xib in Resources */,
				B87414D92657DFBD0061A031 /* Assets.xcassets in Resources */,
			);
			runOnlyForDeploymentPostprocessing = 0;
		};
		B87414E02657DFBD0061A031 /* Resources */ = {
			isa = PBXResourcesBuildPhase;
			buildActionMask = 2147483647;
			files = (
			);
			runOnlyForDeploymentPostprocessing = 0;
		};
/* End PBXResourcesBuildPhase section */

/* Begin PBXSourcesBuildPhase section */
		B87414C82657DFBC0061A031 /* Sources */ = {
			isa = PBXSourcesBuildPhase;
			buildActionMask = 2147483647;
			files = (
				B82B82502661F6B3000EA62C /* QiitaDataStore.swift in Sources */,
				B82B82602661FBD7000EA62C /* ArticleEntity.swift in Sources */,
				B87414D02657DFBC0061A031 /* AppDelegate.swift in Sources */,
				B82B82422657EFB6000EA62C /* ArticleSearchInteractor.swift in Sources */,
				B82B825D2661F9BB000EA62C /* APIKit+extension.swift in Sources */,
				B82B82562661F803000EA62C /* QiitaRequest.swift in Sources */,
				B82B823E2657EEC6000EA62C /* ArticleModel.swift in Sources */,
				B82B82302657E6AE000EA62C /* ArticleSearchRouter.swift in Sources */,
				B82B82322657E6F7000EA62C /* Wireframe.swift in Sources */,
				B82B822E2657E671000EA62C /* ArticleSearchPresenter.swift in Sources */,
				B82B82592661F87D000EA62C /* ArticleSearchRequest.swift in Sources */,
				B82B82392657EB55000EA62C /* AppRouter.swift in Sources */,
				B87414D22657DFBC0061A031 /* SceneDelegate.swift in Sources */,
				B88DB0FD2667B93300864021 /* Presentation.swift in Sources */,
				B82B82462657F273000EA62C /* UsecaseError.swift in Sources */,
				B82B82442657F255000EA62C /* Usecase.swift in Sources */,
				B82B82292657E51B000EA62C /* ArticleSearchViewController.swift in Sources */,
				B82B824E2661F64A000EA62C /* QiitaRepository.swift in Sources */,
				B82B82362657EB41000EA62C /* AppPresenter.swift in Sources */,
			);
			runOnlyForDeploymentPostprocessing = 0;
		};
		B87414DE2657DFBD0061A031 /* Sources */ = {
			isa = PBXSourcesBuildPhase;
			buildActionMask = 2147483647;
			files = (
				B8895DDC2688391F0071825A /* QiitaDataStoreTests.swift in Sources */,
				B81436E1266BC48E0086C14A /* MockArticleSearchInteractor.swift in Sources */,
				B8895DD12685A9570071825A /* ArticleSearchInteractorTests.swift in Sources */,
				B88DB0F92667A32B00864021 /* AppPresenterTests.swift in Sources */,
				B81436D8266BC1F00086C14A /* ArticleSearchPresenterTests.swift in Sources */,
				B8895DD62685ABF90071825A /* MockQiitaDataStore.swift in Sources */,
			);
			runOnlyForDeploymentPostprocessing = 0;
		};
/* End PBXSourcesBuildPhase section */

/* Begin PBXTargetDependency section */
		B87414E42657DFBD0061A031 /* PBXTargetDependency */ = {
			isa = PBXTargetDependency;
			target = B87414CB2657DFBC0061A031 /* ViperCombineSample */;
			targetProxy = B87414E32657DFBD0061A031 /* PBXContainerItemProxy */;
		};
/* End PBXTargetDependency section */

/* Begin PBXVariantGroup section */
		B87414DA2657DFBD0061A031 /* LaunchScreen.storyboard */ = {
			isa = PBXVariantGroup;
			children = (
				B87414DB2657DFBD0061A031 /* Base */,
			);
			name = LaunchScreen.storyboard;
			sourceTree = "<group>";
		};
/* End PBXVariantGroup section */

/* Begin XCBuildConfiguration section */
		B87414F42657DFBD0061A031 /* Debug */ = {
			isa = XCBuildConfiguration;
			buildSettings = {
				ALWAYS_SEARCH_USER_PATHS = NO;
				CLANG_ANALYZER_NONNULL = YES;
				CLANG_ANALYZER_NUMBER_OBJECT_CONVERSION = YES_AGGRESSIVE;
				CLANG_CXX_LANGUAGE_STANDARD = "gnu++14";
				CLANG_CXX_LIBRARY = "libc++";
				CLANG_ENABLE_MODULES = YES;
				CLANG_ENABLE_OBJC_ARC = YES;
				CLANG_ENABLE_OBJC_WEAK = YES;
				CLANG_WARN_BLOCK_CAPTURE_AUTORELEASING = YES;
				CLANG_WARN_BOOL_CONVERSION = YES;
				CLANG_WARN_COMMA = YES;
				CLANG_WARN_CONSTANT_CONVERSION = YES;
				CLANG_WARN_DEPRECATED_OBJC_IMPLEMENTATIONS = YES;
				CLANG_WARN_DIRECT_OBJC_ISA_USAGE = YES_ERROR;
				CLANG_WARN_DOCUMENTATION_COMMENTS = YES;
				CLANG_WARN_EMPTY_BODY = YES;
				CLANG_WARN_ENUM_CONVERSION = YES;
				CLANG_WARN_INFINITE_RECURSION = YES;
				CLANG_WARN_INT_CONVERSION = YES;
				CLANG_WARN_NON_LITERAL_NULL_CONVERSION = YES;
				CLANG_WARN_OBJC_IMPLICIT_RETAIN_SELF = YES;
				CLANG_WARN_OBJC_LITERAL_CONVERSION = YES;
				CLANG_WARN_OBJC_ROOT_CLASS = YES_ERROR;
				CLANG_WARN_QUOTED_INCLUDE_IN_FRAMEWORK_HEADER = YES;
				CLANG_WARN_RANGE_LOOP_ANALYSIS = YES;
				CLANG_WARN_STRICT_PROTOTYPES = YES;
				CLANG_WARN_SUSPICIOUS_MOVE = YES;
				CLANG_WARN_UNGUARDED_AVAILABILITY = YES_AGGRESSIVE;
				CLANG_WARN_UNREACHABLE_CODE = YES;
				CLANG_WARN__DUPLICATE_METHOD_MATCH = YES;
				COPY_PHASE_STRIP = NO;
				DEBUG_INFORMATION_FORMAT = dwarf;
				ENABLE_STRICT_OBJC_MSGSEND = YES;
				ENABLE_TESTABILITY = YES;
				GCC_C_LANGUAGE_STANDARD = gnu11;
				GCC_DYNAMIC_NO_PIC = NO;
				GCC_NO_COMMON_BLOCKS = YES;
				GCC_OPTIMIZATION_LEVEL = 0;
				GCC_PREPROCESSOR_DEFINITIONS = (
					"DEBUG=1",
					"$(inherited)",
				);
				GCC_WARN_64_TO_32_BIT_CONVERSION = YES;
				GCC_WARN_ABOUT_RETURN_TYPE = YES_ERROR;
				GCC_WARN_UNDECLARED_SELECTOR = YES;
				GCC_WARN_UNINITIALIZED_AUTOS = YES_AGGRESSIVE;
				GCC_WARN_UNUSED_FUNCTION = YES;
				GCC_WARN_UNUSED_VARIABLE = YES;
				IPHONEOS_DEPLOYMENT_TARGET = 13.0;
				MTL_ENABLE_DEBUG_INFO = INCLUDE_SOURCE;
				MTL_FAST_MATH = YES;
				ONLY_ACTIVE_ARCH = YES;
				SDKROOT = iphoneos;
				SWIFT_ACTIVE_COMPILATION_CONDITIONS = DEBUG;
				SWIFT_OPTIMIZATION_LEVEL = "-Onone";
			};
			name = Debug;
		};
		B87414F52657DFBD0061A031 /* Release */ = {
			isa = XCBuildConfiguration;
			buildSettings = {
				ALWAYS_SEARCH_USER_PATHS = NO;
				CLANG_ANALYZER_NONNULL = YES;
				CLANG_ANALYZER_NUMBER_OBJECT_CONVERSION = YES_AGGRESSIVE;
				CLANG_CXX_LANGUAGE_STANDARD = "gnu++14";
				CLANG_CXX_LIBRARY = "libc++";
				CLANG_ENABLE_MODULES = YES;
				CLANG_ENABLE_OBJC_ARC = YES;
				CLANG_ENABLE_OBJC_WEAK = YES;
				CLANG_WARN_BLOCK_CAPTURE_AUTORELEASING = YES;
				CLANG_WARN_BOOL_CONVERSION = YES;
				CLANG_WARN_COMMA = YES;
				CLANG_WARN_CONSTANT_CONVERSION = YES;
				CLANG_WARN_DEPRECATED_OBJC_IMPLEMENTATIONS = YES;
				CLANG_WARN_DIRECT_OBJC_ISA_USAGE = YES_ERROR;
				CLANG_WARN_DOCUMENTATION_COMMENTS = YES;
				CLANG_WARN_EMPTY_BODY = YES;
				CLANG_WARN_ENUM_CONVERSION = YES;
				CLANG_WARN_INFINITE_RECURSION = YES;
				CLANG_WARN_INT_CONVERSION = YES;
				CLANG_WARN_NON_LITERAL_NULL_CONVERSION = YES;
				CLANG_WARN_OBJC_IMPLICIT_RETAIN_SELF = YES;
				CLANG_WARN_OBJC_LITERAL_CONVERSION = YES;
				CLANG_WARN_OBJC_ROOT_CLASS = YES_ERROR;
				CLANG_WARN_QUOTED_INCLUDE_IN_FRAMEWORK_HEADER = YES;
				CLANG_WARN_RANGE_LOOP_ANALYSIS = YES;
				CLANG_WARN_STRICT_PROTOTYPES = YES;
				CLANG_WARN_SUSPICIOUS_MOVE = YES;
				CLANG_WARN_UNGUARDED_AVAILABILITY = YES_AGGRESSIVE;
				CLANG_WARN_UNREACHABLE_CODE = YES;
				CLANG_WARN__DUPLICATE_METHOD_MATCH = YES;
				COPY_PHASE_STRIP = NO;
				DEBUG_INFORMATION_FORMAT = "dwarf-with-dsym";
				ENABLE_NS_ASSERTIONS = NO;
				ENABLE_STRICT_OBJC_MSGSEND = YES;
				GCC_C_LANGUAGE_STANDARD = gnu11;
				GCC_NO_COMMON_BLOCKS = YES;
				GCC_WARN_64_TO_32_BIT_CONVERSION = YES;
				GCC_WARN_ABOUT_RETURN_TYPE = YES_ERROR;
				GCC_WARN_UNDECLARED_SELECTOR = YES;
				GCC_WARN_UNINITIALIZED_AUTOS = YES_AGGRESSIVE;
				GCC_WARN_UNUSED_FUNCTION = YES;
				GCC_WARN_UNUSED_VARIABLE = YES;
				IPHONEOS_DEPLOYMENT_TARGET = 13.0;
				MTL_ENABLE_DEBUG_INFO = NO;
				MTL_FAST_MATH = YES;
				SDKROOT = iphoneos;
				SWIFT_COMPILATION_MODE = wholemodule;
				SWIFT_OPTIMIZATION_LEVEL = "-O";
				VALIDATE_PRODUCT = YES;
			};
			name = Release;
		};
		B87414F72657DFBD0061A031 /* Debug */ = {
			isa = XCBuildConfiguration;
			buildSettings = {
				ASSETCATALOG_COMPILER_APPICON_NAME = AppIcon;
				ASSETCATALOG_COMPILER_GLOBAL_ACCENT_COLOR_NAME = AccentColor;
				CODE_SIGN_STYLE = Automatic;
				DEVELOPMENT_TEAM = 8RYHZQ93KG;
				INFOPLIST_FILE = ViperCombineSample/Application/Info.plist;
				LD_RUNPATH_SEARCH_PATHS = (
					"$(inherited)",
					"@executable_path/Frameworks",
				);
				PRODUCT_BUNDLE_IDENTIFIER = com.hicka04.ViperCombineSample;
				PRODUCT_NAME = "$(TARGET_NAME)";
				SWIFT_VERSION = 5.0;
				TARGETED_DEVICE_FAMILY = "1,2";
			};
			name = Debug;
		};
		B87414F82657DFBD0061A031 /* Release */ = {
			isa = XCBuildConfiguration;
			buildSettings = {
				ASSETCATALOG_COMPILER_APPICON_NAME = AppIcon;
				ASSETCATALOG_COMPILER_GLOBAL_ACCENT_COLOR_NAME = AccentColor;
				CODE_SIGN_STYLE = Automatic;
				DEVELOPMENT_TEAM = 8RYHZQ93KG;
				INFOPLIST_FILE = ViperCombineSample/Application/Info.plist;
				LD_RUNPATH_SEARCH_PATHS = (
					"$(inherited)",
					"@executable_path/Frameworks",
				);
				PRODUCT_BUNDLE_IDENTIFIER = com.hicka04.ViperCombineSample;
				PRODUCT_NAME = "$(TARGET_NAME)";
				SWIFT_VERSION = 5.0;
				TARGETED_DEVICE_FAMILY = "1,2";
			};
			name = Release;
		};
		B87414FA2657DFBD0061A031 /* Debug */ = {
			isa = XCBuildConfiguration;
			buildSettings = {
				ALWAYS_EMBED_SWIFT_STANDARD_LIBRARIES = YES;
				BUNDLE_LOADER = "$(TEST_HOST)";
				CODE_SIGN_STYLE = Automatic;
				DEVELOPMENT_TEAM = 8RYHZQ93KG;
				INFOPLIST_FILE = ViperCombineSampleTests/Info.plist;
				LD_RUNPATH_SEARCH_PATHS = (
					"$(inherited)",
					"@executable_path/Frameworks",
					"@loader_path/Frameworks",
				);
				PRODUCT_BUNDLE_IDENTIFIER = com.hicka04.ViperCombineSampleTests;
				PRODUCT_NAME = "$(TARGET_NAME)";
				SWIFT_VERSION = 5.0;
				TARGETED_DEVICE_FAMILY = "1,2";
				TEST_HOST = "$(BUILT_PRODUCTS_DIR)/ViperCombineSample.app/ViperCombineSample";
			};
			name = Debug;
		};
		B87414FB2657DFBD0061A031 /* Release */ = {
			isa = XCBuildConfiguration;
			buildSettings = {
				ALWAYS_EMBED_SWIFT_STANDARD_LIBRARIES = YES;
				BUNDLE_LOADER = "$(TEST_HOST)";
				CODE_SIGN_STYLE = Automatic;
				DEVELOPMENT_TEAM = 8RYHZQ93KG;
				INFOPLIST_FILE = ViperCombineSampleTests/Info.plist;
				LD_RUNPATH_SEARCH_PATHS = (
					"$(inherited)",
					"@executable_path/Frameworks",
					"@loader_path/Frameworks",
				);
				PRODUCT_BUNDLE_IDENTIFIER = com.hicka04.ViperCombineSampleTests;
				PRODUCT_NAME = "$(TARGET_NAME)";
				SWIFT_VERSION = 5.0;
				TARGETED_DEVICE_FAMILY = "1,2";
				TEST_HOST = "$(BUILT_PRODUCTS_DIR)/ViperCombineSample.app/ViperCombineSample";
			};
			name = Release;
		};
/* End XCBuildConfiguration section */

/* Begin XCConfigurationList section */
		B87414C72657DFBC0061A031 /* Build configuration list for PBXProject "ViperCombineSample" */ = {
			isa = XCConfigurationList;
			buildConfigurations = (
				B87414F42657DFBD0061A031 /* Debug */,
				B87414F52657DFBD0061A031 /* Release */,
			);
			defaultConfigurationIsVisible = 0;
			defaultConfigurationName = Release;
		};
		B87414F62657DFBD0061A031 /* Build configuration list for PBXNativeTarget "ViperCombineSample" */ = {
			isa = XCConfigurationList;
			buildConfigurations = (
				B87414F72657DFBD0061A031 /* Debug */,
				B87414F82657DFBD0061A031 /* Release */,
			);
			defaultConfigurationIsVisible = 0;
			defaultConfigurationName = Release;
		};
		B87414F92657DFBD0061A031 /* Build configuration list for PBXNativeTarget "ViperCombineSampleTests" */ = {
			isa = XCConfigurationList;
			buildConfigurations = (
				B87414FA2657DFBD0061A031 /* Debug */,
				B87414FB2657DFBD0061A031 /* Release */,
			);
			defaultConfigurationIsVisible = 0;
			defaultConfigurationName = Release;
		};
/* End XCConfigurationList section */

/* Begin XCRemoteSwiftPackageReference section */
		B81436D9266BC29E0086C14A /* XCRemoteSwiftPackageReference "Entwine" */ = {
			isa = XCRemoteSwiftPackageReference;
			repositoryURL = "https://github.com/tcldr/Entwine.git";
			requirement = {
				kind = upToNextMajorVersion;
				minimumVersion = 0.9.1;
			};
		};
		B82B82512661F72C000EA62C /* XCRemoteSwiftPackageReference "APIKit" */ = {
			isa = XCRemoteSwiftPackageReference;
			repositoryURL = "https://github.com/ishkawa/APIKit.git";
			requirement = {
				kind = upToNextMajorVersion;
				minimumVersion = 5.2.0;
			};
		};
		B82B826126628E58000EA62C /* XCRemoteSwiftPackageReference "OHHTTPStubs" */ = {
			isa = XCRemoteSwiftPackageReference;
			repositoryURL = "https://github.com/AliSoftware/OHHTTPStubs.git";
			requirement = {
				kind = upToNextMajorVersion;
				minimumVersion = 9.1.0;
			};
		};
		B82B826426628FBA000EA62C /* XCRemoteSwiftPackageReference "Quick" */ = {
			isa = XCRemoteSwiftPackageReference;
			repositoryURL = "https://github.com/Quick/Quick.git";
			requirement = {
				kind = upToNextMajorVersion;
				minimumVersion = 4.0.0;
			};
		};
		B82B826726628FD6000EA62C /* XCRemoteSwiftPackageReference "Nimble" */ = {
			isa = XCRemoteSwiftPackageReference;
			repositoryURL = "https://github.com/Quick/Nimble.git";
			requirement = {
				kind = upToNextMajorVersion;
				minimumVersion = 9.2.0;
			};
		};
/* End XCRemoteSwiftPackageReference section */

/* Begin XCSwiftPackageProductDependency section */
		B81436DA266BC29E0086C14A /* EntwineTest */ = {
			isa = XCSwiftPackageProductDependency;
			package = B81436D9266BC29E0086C14A /* XCRemoteSwiftPackageReference "Entwine" */;
			productName = EntwineTest;
		};
		B82B82522661F72C000EA62C /* APIKit */ = {
			isa = XCSwiftPackageProductDependency;
			package = B82B82512661F72C000EA62C /* XCRemoteSwiftPackageReference "APIKit" */;
			productName = APIKit;
		};
		B82B826226628E58000EA62C /* OHHTTPStubsSwift */ = {
			isa = XCSwiftPackageProductDependency;
			package = B82B826126628E58000EA62C /* XCRemoteSwiftPackageReference "OHHTTPStubs" */;
			productName = OHHTTPStubsSwift;
		};
		B82B826526628FBA000EA62C /* Quick */ = {
			isa = XCSwiftPackageProductDependency;
			package = B82B826426628FBA000EA62C /* XCRemoteSwiftPackageReference "Quick" */;
			productName = Quick;
		};
		B82B826826628FD6000EA62C /* Nimble */ = {
			isa = XCSwiftPackageProductDependency;
			package = B82B826726628FD6000EA62C /* XCRemoteSwiftPackageReference "Nimble" */;
			productName = Nimble;
		};
/* End XCSwiftPackageProductDependency section */
	};
	rootObject = B87414C42657DFBC0061A031 /* Project object */;
}
